
Microsoft Visual Studio Solution File, Format Version 12.00
# Visual Studio Version 16
VisualStudioVersion = 16.0.31410.357
MinimumVisualStudioVersion = 10.0.40219.1
Project("{FAE04EC0-301F-11D3-BF4B-00C04F79EFBC}") = "PCBack.Web", "PCBack.Web\PCBack.Web.csproj", "{B441CEF2-80D5-474C-956F-710D79B31231}"
EndProject
Global
	GlobalSection(SolutionConfigurationPlatforms) = preSolution
		Debug|Any CPU = Debug|Any CPU
		Release|Any CPU = Release|Any CPU
	EndGlobalSection
	GlobalSection(ProjectConfigurationPlatforms) = postSolution
		{B441CEF2-80D5-474C-956F-710D79B31231}.Debug|Any CPU.ActiveCfg = Debug|Any CPU
		{B441CEF2-80D5-474C-956F-710D79B31231}.Debug|Any CPU.Build.0 = Debug|Any CPU
		{B441CEF2-80D5-474C-956F-710D79B31231}.Release|Any CPU.ActiveCfg = Release|Any CPU
		{B441CEF2-80D5-474C-956F-710D79B31231}.Release|Any CPU.Build.0 = Release|Any CPU
	EndGlobalSection
	GlobalSection(SolutionProperties) = preSolution
		HideSolutionNode = FALSE
	EndGlobalSection
	GlobalSection(ExtensibilityGlobals) = postSolution
		SolutionGuid = {FB2CCF38-95BB-454D-95CB-642208A704B7}
	EndGlobalSection
EndGlobal
